
Microsoft Visual Studio Solution File, Format Version 12.00
# Visual Studio Version 17
VisualStudioVersion = 17.7.34031.279
MinimumVisualStudioVersion = 10.0.40219.1
Project("{8BC9CEB8-8B4A-11D0-8D11-00A0C91BC942}") = "vulkan_tutorial", "vulkan_tutorial\vulkan_tutorial.vcxproj", "{CD941D3E-8C0B-498A-B043-601847587BA1}"
EndProject
Global
	GlobalSection(SolutionConfigurationPlatforms) = preSolution
		Debug|x64 = Debug|x64
		Debug|x86 = Debug|x86
		Release|x64 = Release|x64
		Release|x86 = Release|x86
	EndGlobalSection
	GlobalSection(ProjectConfigurationPlatforms) = postSolution
		{CD941D3E-8C0B-498A-B043-601847587BA1}.Debug|x64.ActiveCfg = Debug|x64
		{CD941D3E-8C0B-498A-B043-601847587BA1}.Debug|x64.Build.0 = Debug|x64
		{CD941D3E-8C0B-498A-B043-601847587BA1}.Debug|x86.ActiveCfg = Debug|Win32
		{CD941D3E-8C0B-498A-B043-601847587BA1}.Debug|x86.Build.0 = Debug|Win32
		{CD941D3E-8C0B-498A-B043-601847587BA1}.Release|x64.ActiveCfg = Release|x64
		{CD941D3E-8C0B-498A-B043-601847587BA1}.Release|x64.Build.0 = Release|x64
		{CD941D3E-8C0B-498A-B043-601847587BA1}.Release|x86.ActiveCfg = Release|Win32
		{CD941D3E-8C0B-498A-B043-601847587BA1}.Release|x86.Build.0 = Release|Win32
	EndGlobalSection
	GlobalSection(SolutionProperties) = preSolution
		HideSolutionNode = FALSE
	EndGlobalSection
	GlobalSection(ExtensibilityGlobals) = postSolution
		SolutionGuid = {22C3A892-B47C-43E6-9316-8E64CE283837}
	EndGlobalSection
EndGlobal
